
Microsoft Visual Studio Solution File, Format Version 12.00
# Visual Studio Version 16
VisualStudioVersion = 16.0.29609.76
MinimumVisualStudioVersion = 10.0.40219.1
Project("{FAE04EC0-301F-11D3-BF4B-00C04F79EFBC}") = "MainThreadDemo.UWP", "MainThreadDemo\MainThreadDemo.UWP\MainThreadDemo.UWP.csproj", "{2E90355B-A70A-4AB4-A5AC-CD19BEB33511}"
EndProject
Project("{FAE04EC0-301F-11D3-BF4B-00C04F79EFBC}") = "MainThreadDemo.Android", "MainThreadDemo\MainThreadDemo.Android\MainThreadDemo.Android.csproj", "{59B4DA5B-8C90-4A46-8BC6-495AB2CED19D}"
EndProject
Project("{FAE04EC0-301F-11D3-BF4B-00C04F79EFBC}") = "MainThreadDemo", "MainThreadDemo\MainThreadDemo\MainThreadDemo.csproj", "{48D30936-26B7-458D-B014-9559C1A280C5}"
EndProject
Global
	GlobalSection(SolutionConfigurationPlatforms) = preSolution
		Debug|Any CPU = Debug|Any CPU
		Debug|ARM = Debug|ARM
		Debug|x64 = Debug|x64
		Debug|x86 = Debug|x86
		Release|Any CPU = Release|Any CPU
		Release|ARM = Release|ARM
		Release|x64 = Release|x64
		Release|x86 = Release|x86
	EndGlobalSection
	GlobalSection(ProjectConfigurationPlatforms) = postSolution
		{2E90355B-A70A-4AB4-A5AC-CD19BEB33511}.Debug|Any CPU.ActiveCfg = Debug|x86
		{2E90355B-A70A-4AB4-A5AC-CD19BEB33511}.Debug|Any CPU.Build.0 = Debug|x86
		{2E90355B-A70A-4AB4-A5AC-CD19BEB33511}.Debug|Any CPU.Deploy.0 = Debug|x86
		{2E90355B-A70A-4AB4-A5AC-CD19BEB33511}.Debug|ARM.ActiveCfg = Debug|ARM
		{2E90355B-A70A-4AB4-A5AC-CD19BEB33511}.Debug|ARM.Build.0 = Debug|ARM
		{2E90355B-A70A-4AB4-A5AC-CD19BEB33511}.Debug|ARM.Deploy.0 = Debug|ARM
		{2E90355B-A70A-4AB4-A5AC-CD19BEB33511}.Debug|x64.ActiveCfg = Debug|x64
		{2E90355B-A70A-4AB4-A5AC-CD19BEB33511}.Debug|x64.Build.0 = Debug|x64
		{2E90355B-A70A-4AB4-A5AC-CD19BEB33511}.Debug|x64.Deploy.0 = Debug|x64
		{2E90355B-A70A-4AB4-A5AC-CD19BEB33511}.Debug|x86.ActiveCfg = Debug|x86
		{2E90355B-A70A-4AB4-A5AC-CD19BEB33511}.Debug|x86.Build.0 = Debug|x86
		{2E90355B-A70A-4AB4-A5AC-CD19BEB33511}.Debug|x86.Deploy.0 = Debug|x86
		{2E90355B-A70A-4AB4-A5AC-CD19BEB33511}.Release|Any CPU.ActiveCfg = Release|x86
		{2E90355B-A70A-4AB4-A5AC-CD19BEB33511}.Release|Any CPU.Build.0 = Release|x86
		{2E90355B-A70A-4AB4-A5AC-CD19BEB33511}.Release|Any CPU.Deploy.0 = Release|x86
		{2E90355B-A70A-4AB4-A5AC-CD19BEB33511}.Release|ARM.ActiveCfg = Release|ARM
		{2E90355B-A70A-4AB4-A5AC-CD19BEB33511}.Release|ARM.Build.0 = Release|ARM
		{2E90355B-A70A-4AB4-A5AC-CD19BEB33511}.Release|ARM.Deploy.0 = Release|ARM
		{2E90355B-A70A-4AB4-A5AC-CD19BEB33511}.Release|x64.ActiveCfg = Release|x64
		{2E90355B-A70A-4AB4-A5AC-CD19BEB33511}.Release|x64.Build.0 = Release|x64
		{2E90355B-A70A-4AB4-A5AC-CD19BEB33511}.Release|x64.Deploy.0 = Release|x64
		{2E90355B-A70A-4AB4-A5AC-CD19BEB33511}.Release|x86.ActiveCfg = Release|x86
		{2E90355B-A70A-4AB4-A5AC-CD19BEB33511}.Release|x86.Build.0 = Release|x86
		{2E90355B-A70A-4AB4-A5AC-CD19BEB33511}.Release|x86.Deploy.0 = Release|x86
		{59B4DA5B-8C90-4A46-8BC6-495AB2CED19D}.Debug|Any CPU.ActiveCfg = Debug|Any CPU
		{59B4DA5B-8C90-4A46-8BC6-495AB2CED19D}.Debug|Any CPU.Build.0 = Debug|Any CPU
		{59B4DA5B-8C90-4A46-8BC6-495AB2CED19D}.Debug|Any CPU.Deploy.0 = Debug|Any CPU
		{59B4DA5B-8C90-4A46-8BC6-495AB2CED19D}.Debug|ARM.ActiveCfg = Debug|Any CPU
		{59B4DA5B-8C90-4A46-8BC6-495AB2CED19D}.Debug|ARM.Build.0 = Debug|Any CPU
		{59B4DA5B-8C90-4A46-8BC6-495AB2CED19D}.Debug|ARM.Deploy.0 = Debug|Any CPU
		{59B4DA5B-8C90-4A46-8BC6-495AB2CED19D}.Debug|x64.ActiveCfg = Debug|Any CPU
		{59B4DA5B-8C90-4A46-8BC6-495AB2CED19D}.Debug|x64.Build.0 = Debug|Any CPU
		{59B4DA5B-8C90-4A46-8BC6-495AB2CED19D}.Debug|x64.Deploy.0 = Debug|Any CPU
		{59B4DA5B-8C90-4A46-8BC6-495AB2CED19D}.Debug|x86.ActiveCfg = Debug|Any CPU
		{59B4DA5B-8C90-4A46-8BC6-495AB2CED19D}.Debug|x86.Build.0 = Debug|Any CPU
		{59B4DA5B-8C90-4A46-8BC6-495AB2CED19D}.Debug|x86.Deploy.0 = Debug|Any CPU
		{59B4DA5B-8C90-4A46-8BC6-495AB2CED19D}.Release|Any CPU.ActiveCfg = Release|Any CPU
		{59B4DA5B-8C90-4A46-8BC6-495AB2CED19D}.Release|Any CPU.Build.0 = Release|Any CPU
		{59B4DA5B-8C90-4A46-8BC6-495AB2CED19D}.Release|Any CPU.Deploy.0 = Release|Any CPU
		{59B4DA5B-8C90-4A46-8BC6-495AB2CED19D}.Release|ARM.ActiveCfg = Release|Any CPU
		{59B4DA5B-8C90-4A46-8BC6-495AB2CED19D}.Release|ARM.Build.0 = Release|Any CPU
		{59B4DA5B-8C90-4A46-8BC6-495AB2CED19D}.Release|ARM.Deploy.0 = Release|Any CPU
		{59B4DA5B-8C90-4A46-8BC6-495AB2CED19D}.Release|x64.ActiveCfg = Release|Any CPU
		{59B4DA5B-8C90-4A46-8BC6-495AB2CED19D}.Release|x64.Build.0 = Release|Any CPU
		{59B4DA5B-8C90-4A46-8BC6-495AB2CED19D}.Release|x64.Deploy.0 = Release|Any CPU
		{59B4DA5B-8C90-4A46-8BC6-495AB2CED19D}.Release|x86.ActiveCfg = Release|Any CPU
		{59B4DA5B-8C90-4A46-8BC6-495AB2CED19D}.Release|x86.Build.0 = Release|Any CPU
		{59B4DA5B-8C90-4A46-8BC6-495AB2CED19D}.Release|x86.Deploy.0 = Release|Any CPU
		{48D30936-26B7-458D-B014-9559C1A280C5}.Debug|Any CPU.ActiveCfg = Debug|Any CPU
		{48D30936-26B7-458D-B014-9559C1A280C5}.Debug|Any CPU.Build.0 = Debug|Any CPU
		{48D30936-26B7-458D-B014-9559C1A280C5}.Debug|Any CPU.Deploy.0 = Debug|Any CPU
		{48D30936-26B7-458D-B014-9559C1A280C5}.Debug|ARM.ActiveCfg = Debug|Any CPU
		{48D30936-26B7-458D-B014-9559C1A280C5}.Debug|ARM.Build.0 = Debug|Any CPU
		{48D30936-26B7-458D-B014-9559C1A280C5}.Debug|ARM.Deploy.0 = Debug|Any CPU
		{48D30936-26B7-458D-B014-9559C1A280C5}.Debug|x64.ActiveCfg = Debug|Any CPU
		{48D30936-26B7-458D-B014-9559C1A280C5}.Debug|x64.Build.0 = Debug|Any CPU
		{48D30936-26B7-458D-B014-9559C1A280C5}.Debug|x64.Deploy.0 = Debug|Any CPU
		{48D30936-26B7-458D-B014-9559C1A280C5}.Debug|x86.ActiveCfg = Debug|Any CPU
		{48D30936-26B7-458D-B014-9559C1A280C5}.Debug|x86.Build.0 = Debug|Any CPU
		{48D30936-26B7-458D-B014-9559C1A280C5}.Debug|x86.Deploy.0 = Debug|Any CPU
		{48D30936-26B7-458D-B014-9559C1A280C5}.Release|Any CPU.ActiveCfg = Release|Any CPU
		{48D30936-26B7-458D-B014-9559C1A280C5}.Release|Any CPU.Build.0 = Release|Any CPU
		{48D30936-26B7-458D-B014-9559C1A280C5}.Release|Any CPU.Deploy.0 = Release|Any CPU
		{48D30936-26B7-458D-B014-9559C1A280C5}.Release|ARM.ActiveCfg = Release|Any CPU
		{48D30936-26B7-458D-B014-9559C1A280C5}.Release|ARM.Build.0 = Release|Any CPU
		{48D30936-26B7-458D-B014-9559C1A280C5}.Release|ARM.Deploy.0 = Release|Any CPU
		{48D30936-26B7-458D-B014-9559C1A280C5}.Release|x64.ActiveCfg = Release|Any CPU
		{48D30936-26B7-458D-B014-9559C1A280C5}.Release|x64.Build.0 = Release|Any CPU
		{48D30936-26B7-458D-B014-9559C1A280C5}.Release|x64.Deploy.0 = Release|Any CPU
		{48D30936-26B7-458D-B014-9559C1A280C5}.Release|x86.ActiveCfg = Release|Any CPU
		{48D30936-26B7-458D-B014-9559C1A280C5}.Release|x86.Build.0 = Release|Any CPU
		{48D30936-26B7-458D-B014-9559C1A280C5}.Release|x86.Deploy.0 = Release|Any CPU
	EndGlobalSection
	GlobalSection(SolutionProperties) = preSolution
		HideSolutionNode = FALSE
	EndGlobalSection
	GlobalSection(ExtensibilityGlobals) = postSolution
		SolutionGuid = {E509B379-034C-40FD-A21F-46082796696E}
	EndGlobalSection
EndGlobal
